// !$*UTF8*$!
{
	archiveVersion = 1;
	classes = {
	};
	objectVersion = 56;
	objects = {

/* Begin PBXBuildFile section */
		D8D5D8E12CE6C9DE0064E3A2 /* EcoContributorAppApp.swift in Sources */ = {isa = PBXBuildFile; fileRef = D8D5D8E02CE6C9DE0064E3A2 /* EcoContributorAppApp.swift */; };
		D8D5D8E32CE6C9DE0064E3A2 /* ContentView.swift in Sources */ = {isa = PBXBuildFile; fileRef = D8D5D8E22CE6C9DE0064E3A2 /* ContentView.swift */; };
		D8D5D8E52CE6C9DF0064E3A2 /* Assets.xcassets in Resources */ = {isa = PBXBuildFile; fileRef = D8D5D8E42CE6C9DF0064E3A2 /* Assets.xcassets */; };
		D8D5D8E92CE6C9DF0064E3A2 /* Preview Assets.xcassets in Resources */ = {isa = PBXBuildFile; fileRef = D8D5D8E82CE6C9DF0064E3A2 /* Preview Assets.xcassets */; };
		D8D5D8F32CE6C9E00064E3A2 /* EcoContributorAppTests.swift in Sources */ = {isa = PBXBuildFile; fileRef = D8D5D8F22CE6C9E00064E3A2 /* EcoContributorAppTests.swift */; };
		D8D5D8FD2CE6C9E00064E3A2 /* EcoContributorAppUITests.swift in Sources */ = {isa = PBXBuildFile; fileRef = D8D5D8FC2CE6C9E00064E3A2 /* EcoContributorAppUITests.swift */; };
		D8D5D8FF2CE6C9E00064E3A2 /* EcoContributorAppUITestsLaunchTests.swift in Sources */ = {isa = PBXBuildFile; fileRef = D8D5D8FE2CE6C9E00064E3A2 /* EcoContributorAppUITestsLaunchTests.swift */; };
		D8D5D90C2CE6CBFE0064E3A2 /* HomeView.swift in Sources */ = {isa = PBXBuildFile; fileRef = D8D5D90B2CE6CBFE0064E3A2 /* HomeView.swift */; };
		D8D5D90E2CE6CDA60064E3A2 /* LoginView.swift in Sources */ = {isa = PBXBuildFile; fileRef = D8D5D90D2CE6CDA60064E3A2 /* LoginView.swift */; };
		D8D5D9102CE6CEDA0064E3A2 /* AuthView.swift in Sources */ = {isa = PBXBuildFile; fileRef = D8D5D90F2CE6CEDA0064E3A2 /* AuthView.swift */; };
		D8D5D9122CE6CFEE0064E3A2 /* EmailSignInView.swift in Sources */ = {isa = PBXBuildFile; fileRef = D8D5D9112CE6CFEE0064E3A2 /* EmailSignInView.swift */; };
		D8D5D9142CE6D0470064E3A2 /* RegistrationView.swift in Sources */ = {isa = PBXBuildFile; fileRef = D8D5D9132CE6D0470064E3A2 /* RegistrationView.swift */; };
/* End PBXBuildFile section */

/* Begin PBXContainerItemProxy section */
		D8D5D8EF2CE6C9E00064E3A2 /* PBXContainerItemProxy */ = {
			isa = PBXContainerItemProxy;
			containerPortal = D8D5D8D52CE6C9DE0064E3A2 /* Project object */;
			proxyType = 1;
			remoteGlobalIDString = D8D5D8DC2CE6C9DE0064E3A2;
			remoteInfo = EcoContributorApp;
		};
		D8D5D8F92CE6C9E00064E3A2 /* PBXContainerItemProxy */ = {
			isa = PBXContainerItemProxy;
			containerPortal = D8D5D8D52CE6C9DE0064E3A2 /* Project object */;
			proxyType = 1;
			remoteGlobalIDString = D8D5D8DC2CE6C9DE0064E3A2;
			remoteInfo = EcoContributorApp;
		};
/* End PBXContainerItemProxy section */

/* Begin PBXFileReference section */
		D8D5D8DD2CE6C9DE0064E3A2 /* EcoContributorApp.app */ = {isa = PBXFileReference; explicitFileType = wrapper.application; includeInIndex = 0; path = EcoContributorApp.app; sourceTree = BUILT_PRODUCTS_DIR; };
		D8D5D8E02CE6C9DE0064E3A2 /* EcoContributorAppApp.swift */ = {isa = PBXFileReference; lastKnownFileType = sourcecode.swift; path = EcoContributorAppApp.swift; sourceTree = "<group>"; };
		D8D5D8E22CE6C9DE0064E3A2 /* ContentView.swift */ = {isa = PBXFileReference; lastKnownFileType = sourcecode.swift; path = ContentView.swift; sourceTree = "<group>"; };
		D8D5D8E42CE6C9DF0064E3A2 /* Assets.xcassets */ = {isa = PBXFileReference; lastKnownFileType = folder.assetcatalog; path = Assets.xcassets; sourceTree = "<group>"; };
		D8D5D8E62CE6C9DF0064E3A2 /* EcoContributorApp.entitlements */ = {isa = PBXFileReference; lastKnownFileType = text.plist.entitlements; path = EcoContributorApp.entitlements; sourceTree = "<group>"; };
		D8D5D8E82CE6C9DF0064E3A2 /* Preview Assets.xcassets */ = {isa = PBXFileReference; lastKnownFileType = folder.assetcatalog; path = "Preview Assets.xcassets"; sourceTree = "<group>"; };
		D8D5D8EE2CE6C9E00064E3A2 /* EcoContributorAppTests.xctest */ = {isa = PBXFileReference; explicitFileType = wrapper.cfbundle; includeInIndex = 0; path = EcoContributorAppTests.xctest; sourceTree = BUILT_PRODUCTS_DIR; };
		D8D5D8F22CE6C9E00064E3A2 /* EcoContributorAppTests.swift */ = {isa = PBXFileReference; lastKnownFileType = sourcecode.swift; path = EcoContributorAppTests.swift; sourceTree = "<group>"; };
		D8D5D8F82CE6C9E00064E3A2 /* EcoContributorAppUITests.xctest */ = {isa = PBXFileReference; explicitFileType = wrapper.cfbundle; includeInIndex = 0; path = EcoContributorAppUITests.xctest; sourceTree = BUILT_PRODUCTS_DIR; };
		D8D5D8FC2CE6C9E00064E3A2 /* EcoContributorAppUITests.swift */ = {isa = PBXFileReference; lastKnownFileType = sourcecode.swift; path = EcoContributorAppUITests.swift; sourceTree = "<group>"; };
		D8D5D8FE2CE6C9E00064E3A2 /* EcoContributorAppUITestsLaunchTests.swift */ = {isa = PBXFileReference; lastKnownFileType = sourcecode.swift; path = EcoContributorAppUITestsLaunchTests.swift; sourceTree = "<group>"; };
		D8D5D90B2CE6CBFE0064E3A2 /* HomeView.swift */ = {isa = PBXFileReference; lastKnownFileType = sourcecode.swift; path = HomeView.swift; sourceTree = "<group>"; };
		D8D5D90D2CE6CDA60064E3A2 /* LoginView.swift */ = {isa = PBXFileReference; lastKnownFileType = sourcecode.swift; path = LoginView.swift; sourceTree = "<group>"; };
		D8D5D90F2CE6CEDA0064E3A2 /* AuthView.swift */ = {isa = PBXFileReference; lastKnownFileType = sourcecode.swift; path = AuthView.swift; sourceTree = "<group>"; };
		D8D5D9112CE6CFEE0064E3A2 /* EmailSignInView.swift */ = {isa = PBXFileReference; lastKnownFileType = sourcecode.swift; path = EmailSignInView.swift; sourceTree = "<group>"; };
		D8D5D9132CE6D0470064E3A2 /* RegistrationView.swift */ = {isa = PBXFileReference; lastKnownFileType = sourcecode.swift; path = RegistrationView.swift; sourceTree = "<group>"; };
/* End PBXFileReference section */

/* Begin PBXFrameworksBuildPhase section */
		D8D5D8DA2CE6C9DE0064E3A2 /* Frameworks */ = {
			isa = PBXFrameworksBuildPhase;
			buildActionMask = 2147483647;
			files = (
			);
			runOnlyForDeploymentPostprocessing = 0;
		};
		D8D5D8EB2CE6C9E00064E3A2 /* Frameworks */ = {
			isa = PBXFrameworksBuildPhase;
			buildActionMask = 2147483647;
			files = (
			);
			runOnlyForDeploymentPostprocessing = 0;
		};
		D8D5D8F52CE6C9E00064E3A2 /* Frameworks */ = {
			isa = PBXFrameworksBuildPhase;
			buildActionMask = 2147483647;
			files = (
			);
			runOnlyForDeploymentPostprocessing = 0;
		};
/* End PBXFrameworksBuildPhase section */

/* Begin PBXGroup section */
		D8D5D8D42CE6C9DE0064E3A2 = {
			isa = PBXGroup;
			children = (
				D8D5D8DF2CE6C9DE0064E3A2 /* EcoContributorApp */,
				D8D5D8F12CE6C9E00064E3A2 /* EcoContributorAppTests */,
				D8D5D8FB2CE6C9E00064E3A2 /* EcoContributorAppUITests */,
				D8D5D8DE2CE6C9DE0064E3A2 /* Products */,
			);
			sourceTree = "<group>";
		};
		D8D5D8DE2CE6C9DE0064E3A2 /* Products */ = {
			isa = PBXGroup;
			children = (
				D8D5D8DD2CE6C9DE0064E3A2 /* EcoContributorApp.app */,
				D8D5D8EE2CE6C9E00064E3A2 /* EcoContributorAppTests.xctest */,
				D8D5D8F82CE6C9E00064E3A2 /* EcoContributorAppUITests.xctest */,
			);
			name = Products;
			sourceTree = "<group>";
		};
		D8D5D8DF2CE6C9DE0064E3A2 /* EcoContributorApp */ = {
			isa = PBXGroup;
			children = (
				D8D5D8E02CE6C9DE0064E3A2 /* EcoContributorAppApp.swift */,
				D8D5D8E22CE6C9DE0064E3A2 /* ContentView.swift */,
				D8D5D90B2CE6CBFE0064E3A2 /* HomeView.swift */,
				D8D5D9132CE6D0470064E3A2 /* RegistrationView.swift */,
				D8D5D9112CE6CFEE0064E3A2 /* EmailSignInView.swift */,
				D8D5D90D2CE6CDA60064E3A2 /* LoginView.swift */,
				D8D5D90F2CE6CEDA0064E3A2 /* AuthView.swift */,
				D8D5D8E42CE6C9DF0064E3A2 /* Assets.xcassets */,
				D8D5D8E62CE6C9DF0064E3A2 /* EcoContributorApp.entitlements */,
				D8D5D8E72CE6C9DF0064E3A2 /* Preview Content */,
			);
			path = EcoContributorApp;
			sourceTree = "<group>";
		};
		D8D5D8E72CE6C9DF0064E3A2 /* Preview Content */ = {
			isa = PBXGroup;
			children = (
				D8D5D8E82CE6C9DF0064E3A2 /* Preview Assets.xcassets */,
			);
			path = "Preview Content";
			sourceTree = "<group>";
		};
		D8D5D8F12CE6C9E00064E3A2 /* EcoContributorAppTests */ = {
			isa = PBXGroup;
			children = (
				D8D5D8F22CE6C9E00064E3A2 /* EcoContributorAppTests.swift */,
			);
			path = EcoContributorAppTests;
			sourceTree = "<group>";
		};
		D8D5D8FB2CE6C9E00064E3A2 /* EcoContributorAppUITests */ = {
			isa = PBXGroup;
			children = (
				D8D5D8FC2CE6C9E00064E3A2 /* EcoContributorAppUITests.swift */,
				D8D5D8FE2CE6C9E00064E3A2 /* EcoContributorAppUITestsLaunchTests.swift */,
			);
			path = EcoContributorAppUITests;
			sourceTree = "<group>";
		};
/* End PBXGroup section */

/* Begin PBXNativeTarget section */
		D8D5D8DC2CE6C9DE0064E3A2 /* EcoContributorApp */ = {
			isa = PBXNativeTarget;
			buildConfigurationList = D8D5D9022CE6C9E00064E3A2 /* Build configuration list for PBXNativeTarget "EcoContributorApp" */;
			buildPhases = (
				D8D5D8D92CE6C9DE0064E3A2 /* Sources */,
				D8D5D8DA2CE6C9DE0064E3A2 /* Frameworks */,
				D8D5D8DB2CE6C9DE0064E3A2 /* Resources */,
			);
			buildRules = (
			);
			dependencies = (
			);
			name = EcoContributorApp;
			productName = EcoContributorApp;
			productReference = D8D5D8DD2CE6C9DE0064E3A2 /* EcoContributorApp.app */;
			productType = "com.apple.product-type.application";
		};
		D8D5D8ED2CE6C9E00064E3A2 /* EcoContributorAppTests */ = {
			isa = PBXNativeTarget;
			buildConfigurationList = D8D5D9052CE6C9E00064E3A2 /* Build configuration list for PBXNativeTarget "EcoContributorAppTests" */;
			buildPhases = (
				D8D5D8EA2CE6C9E00064E3A2 /* Sources */,
				D8D5D8EB2CE6C9E00064E3A2 /* Frameworks */,
				D8D5D8EC2CE6C9E00064E3A2 /* Resources */,
			);
			buildRules = (
			);
			dependencies = (
				D8D5D8F02CE6C9E00064E3A2 /* PBXTargetDependency */,
			);
			name = EcoContributorAppTests;
			productName = EcoContributorAppTests;
			productReference = D8D5D8EE2CE6C9E00064E3A2 /* EcoContributorAppTests.xctest */;
			productType = "com.apple.product-type.bundle.unit-test";
		};
		D8D5D8F72CE6C9E00064E3A2 /* EcoContributorAppUITests */ = {
			isa = PBXNativeTarget;
			buildConfigurationList = D8D5D9082CE6C9E00064E3A2 /* Build configuration list for PBXNativeTarget "EcoContributorAppUITests" */;
			buildPhases = (
				D8D5D8F42CE6C9E00064E3A2 /* Sources */,
				D8D5D8F52CE6C9E00064E3A2 /* Frameworks */,
				D8D5D8F62CE6C9E00064E3A2 /* Resources */,
			);
			buildRules = (
			);
			dependencies = (
				D8D5D8FA2CE6C9E00064E3A2 /* PBXTargetDependency */,
			);
			name = EcoContributorAppUITests;
			productName = EcoContributorAppUITests;
			productReference = D8D5D8F82CE6C9E00064E3A2 /* EcoContributorAppUITests.xctest */;
			productType = "com.apple.product-type.bundle.ui-testing";
		};
/* End PBXNativeTarget section */

/* Begin PBXProject section */
		D8D5D8D52CE6C9DE0064E3A2 /* Project object */ = {
			isa = PBXProject;
			attributes = {
				BuildIndependentTargetsInParallel = 1;
				LastSwiftUpdateCheck = 1540;
				LastUpgradeCheck = 1540;
				TargetAttributes = {
					D8D5D8DC2CE6C9DE0064E3A2 = {
						CreatedOnToolsVersion = 15.4;
					};
					D8D5D8ED2CE6C9E00064E3A2 = {
						CreatedOnToolsVersion = 15.4;
						TestTargetID = D8D5D8DC2CE6C9DE0064E3A2;
					};
					D8D5D8F72CE6C9E00064E3A2 = {
						CreatedOnToolsVersion = 15.4;
						TestTargetID = D8D5D8DC2CE6C9DE0064E3A2;
					};
				};
			};
			buildConfigurationList = D8D5D8D82CE6C9DE0064E3A2 /* Build configuration list for PBXProject "EcoContributorApp" */;
			compatibilityVersion = "Xcode 14.0";
			developmentRegion = en;
			hasScannedForEncodings = 0;
			knownRegions = (
				en,
				Base,
			);
			mainGroup = D8D5D8D42CE6C9DE0064E3A2;
			productRefGroup = D8D5D8DE2CE6C9DE0064E3A2 /* Products */;
			projectDirPath = "";
			projectRoot = "";
			targets = (
				D8D5D8DC2CE6C9DE0064E3A2 /* EcoContributorApp */,
				D8D5D8ED2CE6C9E00064E3A2 /* EcoContributorAppTests */,
				D8D5D8F72CE6C9E00064E3A2 /* EcoContributorAppUITests */,
			);
		};
/* End PBXProject section */

/* Begin PBXResourcesBuildPhase section */
		D8D5D8DB2CE6C9DE0064E3A2 /* Resources */ = {
			isa = PBXResourcesBuildPhase;
			buildActionMask = 2147483647;
			files = (
				D8D5D8E92CE6C9DF0064E3A2 /* Preview Assets.xcassets in Resources */,
				D8D5D8E52CE6C9DF0064E3A2 /* Assets.xcassets in Resources */,
			);
			runOnlyForDeploymentPostprocessing = 0;
		};
		D8D5D8EC2CE6C9E00064E3A2 /* Resources */ = {
			isa = PBXResourcesBuildPhase;
			buildActionMask = 2147483647;
			files = (
			);
			runOnlyForDeploymentPostprocessing = 0;
		};
		D8D5D8F62CE6C9E00064E3A2 /* Resources */ = {
			isa = PBXResourcesBuildPhase;
			buildActionMask = 2147483647;
			files = (
			);
			runOnlyForDeploymentPostprocessing = 0;
		};
/* End PBXResourcesBuildPhase section */

/* Begin PBXSourcesBuildPhase section */
		D8D5D8D92CE6C9DE0064E3A2 /* Sources */ = {
			isa = PBXSourcesBuildPhase;
			buildActionMask = 2147483647;
			files = (
				D8D5D90C2CE6CBFE0064E3A2 /* HomeView.swift in Sources */,
				D8D5D9102CE6CEDA0064E3A2 /* AuthView.swift in Sources */,
				D8D5D8E32CE6C9DE0064E3A2 /* ContentView.swift in Sources */,
				D8D5D9142CE6D0470064E3A2 /* RegistrationView.swift in Sources */,
				D8D5D9122CE6CFEE0064E3A2 /* EmailSignInView.swift in Sources */,
				D8D5D90E2CE6CDA60064E3A2 /* LoginView.swift in Sources */,
				D8D5D8E12CE6C9DE0064E3A2 /* EcoContributorAppApp.swift in Sources */,
			);
			runOnlyForDeploymentPostprocessing = 0;
		};
		D8D5D8EA2CE6C9E00064E3A2 /* Sources */ = {
			isa = PBXSourcesBuildPhase;
			buildActionMask = 2147483647;
			files = (
				D8D5D8F32CE6C9E00064E3A2 /* EcoContributorAppTests.swift in Sources */,
			);
			runOnlyForDeploymentPostprocessing = 0;
		};
		D8D5D8F42CE6C9E00064E3A2 /* Sources */ = {
			isa = PBXSourcesBuildPhase;
			buildActionMask = 2147483647;
			files = (
				D8D5D8FF2CE6C9E00064E3A2 /* EcoContributorAppUITestsLaunchTests.swift in Sources */,
				D8D5D8FD2CE6C9E00064E3A2 /* EcoContributorAppUITests.swift in Sources */,
			);
			runOnlyForDeploymentPostprocessing = 0;
		};
/* End PBXSourcesBuildPhase section */

/* Begin PBXTargetDependency section */
		D8D5D8F02CE6C9E00064E3A2 /* PBXTargetDependency */ = {
			isa = PBXTargetDependency;
			target = D8D5D8DC2CE6C9DE0064E3A2 /* EcoContributorApp */;
			targetProxy = D8D5D8EF2CE6C9E00064E3A2 /* PBXContainerItemProxy */;
		};
		D8D5D8FA2CE6C9E00064E3A2 /* PBXTargetDependency */ = {
			isa = PBXTargetDependency;
			target = D8D5D8DC2CE6C9DE0064E3A2 /* EcoContributorApp */;
			targetProxy = D8D5D8F92CE6C9E00064E3A2 /* PBXContainerItemProxy */;
		};
/* End PBXTargetDependency section */

/* Begin XCBuildConfiguration section */
		D8D5D9002CE6C9E00064E3A2 /* Debug */ = {
			isa = XCBuildConfiguration;
			buildSettings = {
				ALWAYS_SEARCH_USER_PATHS = NO;
				ASSETCATALOG_COMPILER_GENERATE_SWIFT_ASSET_SYMBOL_EXTENSIONS = YES;
				CLANG_ANALYZER_NONNULL = YES;
				CLANG_ANALYZER_NUMBER_OBJECT_CONVERSION = YES_AGGRESSIVE;
				CLANG_CXX_LANGUAGE_STANDARD = "gnu++20";
				CLANG_ENABLE_MODULES = YES;
				CLANG_ENABLE_OBJC_ARC = YES;
				CLANG_ENABLE_OBJC_WEAK = YES;
				CLANG_WARN_BLOCK_CAPTURE_AUTORELEASING = YES;
				CLANG_WARN_BOOL_CONVERSION = YES;
				CLANG_WARN_COMMA = YES;
				CLANG_WARN_CONSTANT_CONVERSION = YES;
				CLANG_WARN_DEPRECATED_OBJC_IMPLEMENTATIONS = YES;
				CLANG_WARN_DIRECT_OBJC_ISA_USAGE = YES_ERROR;
				CLANG_WARN_DOCUMENTATION_COMMENTS = YES;
				CLANG_WARN_EMPTY_BODY = YES;
				CLANG_WARN_ENUM_CONVERSION = YES;
				CLANG_WARN_INFINITE_RECURSION = YES;
				CLANG_WARN_INT_CONVERSION = YES;
				CLANG_WARN_NON_LITERAL_NULL_CONVERSION = YES;
				CLANG_WARN_OBJC_IMPLICIT_RETAIN_SELF = YES;
				CLANG_WARN_OBJC_LITERAL_CONVERSION = YES;
				CLANG_WARN_OBJC_ROOT_CLASS = YES_ERROR;
				CLANG_WARN_QUOTED_INCLUDE_IN_FRAMEWORK_HEADER = YES;
				CLANG_WARN_RANGE_LOOP_ANALYSIS = YES;
				CLANG_WARN_STRICT_PROTOTYPES = YES;
				CLANG_WARN_SUSPICIOUS_MOVE = YES;
				CLANG_WARN_UNGUARDED_AVAILABILITY = YES_AGGRESSIVE;
				CLANG_WARN_UNREACHABLE_CODE = YES;
				CLANG_WARN__DUPLICATE_METHOD_MATCH = YES;
				COPY_PHASE_STRIP = NO;
				DEBUG_INFORMATION_FORMAT = dwarf;
				ENABLE_STRICT_OBJC_MSGSEND = YES;
				ENABLE_TESTABILITY = YES;
				ENABLE_USER_SCRIPT_SANDBOXING = YES;
				GCC_C_LANGUAGE_STANDARD = gnu17;
				GCC_DYNAMIC_NO_PIC = NO;
				GCC_NO_COMMON_BLOCKS = YES;
				GCC_OPTIMIZATION_LEVEL = 0;
				GCC_PREPROCESSOR_DEFINITIONS = (
					"DEBUG=1",
					"$(inherited)",
				);
				GCC_WARN_64_TO_32_BIT_CONVERSION = YES;
				GCC_WARN_ABOUT_RETURN_TYPE = YES_ERROR;
				GCC_WARN_UNDECLARED_SELECTOR = YES;
				GCC_WARN_UNINITIALIZED_AUTOS = YES_AGGRESSIVE;
				GCC_WARN_UNUSED_FUNCTION = YES;
				GCC_WARN_UNUSED_VARIABLE = YES;
				LOCALIZATION_PREFERS_STRING_CATALOGS = YES;
				MTL_ENABLE_DEBUG_INFO = INCLUDE_SOURCE;
				MTL_FAST_MATH = YES;
				ONLY_ACTIVE_ARCH = YES;
				SWIFT_ACTIVE_COMPILATION_CONDITIONS = "DEBUG $(inherited)";
				SWIFT_OPTIMIZATION_LEVEL = "-Onone";
			};
			name = Debug;
		};
		D8D5D9012CE6C9E00064E3A2 /* Release */ = {
			isa = XCBuildConfiguration;
			buildSettings = {
				ALWAYS_SEARCH_USER_PATHS = NO;
				ASSETCATALOG_COMPILER_GENERATE_SWIFT_ASSET_SYMBOL_EXTENSIONS = YES;
				CLANG_ANALYZER_NONNULL = YES;
				CLANG_ANALYZER_NUMBER_OBJECT_CONVERSION = YES_AGGRESSIVE;
				CLANG_CXX_LANGUAGE_STANDARD = "gnu++20";
				CLANG_ENABLE_MODULES = YES;
				CLANG_ENABLE_OBJC_ARC = YES;
				CLANG_ENABLE_OBJC_WEAK = YES;
				CLANG_WARN_BLOCK_CAPTURE_AUTORELEASING = YES;
				CLANG_WARN_BOOL_CONVERSION = YES;
				CLANG_WARN_COMMA = YES;
				CLANG_WARN_CONSTANT_CONVERSION = YES;
				CLANG_WARN_DEPRECATED_OBJC_IMPLEMENTATIONS = YES;
				CLANG_WARN_DIRECT_OBJC_ISA_USAGE = YES_ERROR;
				CLANG_WARN_DOCUMENTATION_COMMENTS = YES;
				CLANG_WARN_EMPTY_BODY = YES;
				CLANG_WARN_ENUM_CONVERSION = YES;
				CLANG_WARN_INFINITE_RECURSION = YES;
				CLANG_WARN_INT_CONVERSION = YES;
				CLANG_WARN_NON_LITERAL_NULL_CONVERSION = YES;
				CLANG_WARN_OBJC_IMPLICIT_RETAIN_SELF = YES;
				CLANG_WARN_OBJC_LITERAL_CONVERSION = YES;
				CLANG_WARN_OBJC_ROOT_CLASS = YES_ERROR;
				CLANG_WARN_QUOTED_INCLUDE_IN_FRAMEWORK_HEADER = YES;
				CLANG_WARN_RANGE_LOOP_ANALYSIS = YES;
				CLANG_WARN_STRICT_PROTOTYPES = YES;
				CLANG_WARN_SUSPICIOUS_MOVE = YES;
				CLANG_WARN_UNGUARDED_AVAILABILITY = YES_AGGRESSIVE;
				CLANG_WARN_UNREACHABLE_CODE = YES;
				CLANG_WARN__DUPLICATE_METHOD_MATCH = YES;
				COPY_PHASE_STRIP = NO;
				DEBUG_INFORMATION_FORMAT = "dwarf-with-dsym";
				ENABLE_NS_ASSERTIONS = NO;
				ENABLE_STRICT_OBJC_MSGSEND = YES;
				ENABLE_USER_SCRIPT_SANDBOXING = YES;
				GCC_C_LANGUAGE_STANDARD = gnu17;
				GCC_NO_COMMON_BLOCKS = YES;
				GCC_WARN_64_TO_32_BIT_CONVERSION = YES;
				GCC_WARN_ABOUT_RETURN_TYPE = YES_ERROR;
				GCC_WARN_UNDECLARED_SELECTOR = YES;
				GCC_WARN_UNINITIALIZED_AUTOS = YES_AGGRESSIVE;
				GCC_WARN_UNUSED_FUNCTION = YES;
				GCC_WARN_UNUSED_VARIABLE = YES;
				LOCALIZATION_PREFERS_STRING_CATALOGS = YES;
				MTL_ENABLE_DEBUG_INFO = NO;
				MTL_FAST_MATH = YES;
				SWIFT_COMPILATION_MODE = wholemodule;
			};
			name = Release;
		};
		D8D5D9032CE6C9E00064E3A2 /* Debug */ = {
			isa = XCBuildConfiguration;
			buildSettings = {
				ASSETCATALOG_COMPILER_APPICON_NAME = AppIcon;
				ASSETCATALOG_COMPILER_GLOBAL_ACCENT_COLOR_NAME = AccentColor;
				CODE_SIGN_ENTITLEMENTS = EcoContributorApp/EcoContributorApp.entitlements;
				CODE_SIGN_STYLE = Automatic;
				CURRENT_PROJECT_VERSION = 1;
				DEVELOPMENT_ASSET_PATHS = "\"EcoContributorApp/Preview Content\"";
				ENABLE_PREVIEWS = YES;
				GENERATE_INFOPLIST_FILE = YES;
				"INFOPLIST_KEY_UIApplicationSceneManifest_Generation[sdk=iphoneos*]" = YES;
				"INFOPLIST_KEY_UIApplicationSceneManifest_Generation[sdk=iphonesimulator*]" = YES;
				"INFOPLIST_KEY_UIApplicationSupportsIndirectInputEvents[sdk=iphoneos*]" = YES;
				"INFOPLIST_KEY_UIApplicationSupportsIndirectInputEvents[sdk=iphonesimulator*]" = YES;
				"INFOPLIST_KEY_UILaunchScreen_Generation[sdk=iphoneos*]" = YES;
				"INFOPLIST_KEY_UILaunchScreen_Generation[sdk=iphonesimulator*]" = YES;
				"INFOPLIST_KEY_UIStatusBarStyle[sdk=iphoneos*]" = UIStatusBarStyleDefault;
				"INFOPLIST_KEY_UIStatusBarStyle[sdk=iphonesimulator*]" = UIStatusBarStyleDefault;
				INFOPLIST_KEY_UISupportedInterfaceOrientations_iPad = "UIInterfaceOrientationPortrait UIInterfaceOrientationPortraitUpsideDown UIInterfaceOrientationLandscapeLeft UIInterfaceOrientationLandscapeRight";
				INFOPLIST_KEY_UISupportedInterfaceOrientations_iPhone = "UIInterfaceOrientationPortrait UIInterfaceOrientationLandscapeLeft UIInterfaceOrientationLandscapeRight";
				IPHONEOS_DEPLOYMENT_TARGET = 17.5;
				LD_RUNPATH_SEARCH_PATHS = "@executable_path/Frameworks";
				"LD_RUNPATH_SEARCH_PATHS[sdk=macosx*]" = "@executable_path/../Frameworks";
				MACOSX_DEPLOYMENT_TARGET = 14.4;
				MARKETING_VERSION = 1.0;
				PRODUCT_BUNDLE_IDENTIFIER = kiahanddana.EcoContributorApp;
				PRODUCT_NAME = "$(TARGET_NAME)";
				SDKROOT = auto;
				SUPPORTED_PLATFORMS = "iphoneos iphonesimulator macosx";
				SWIFT_EMIT_LOC_STRINGS = YES;
				SWIFT_VERSION = 5.0;
				TARGETED_DEVICE_FAMILY = "1,2";
			};
			name = Debug;
		};
		D8D5D9042CE6C9E00064E3A2 /* Release */ = {
			isa = XCBuildConfiguration;
			buildSettings = {
				ASSETCATALOG_COMPILER_APPICON_NAME = AppIcon;
				ASSETCATALOG_COMPILER_GLOBAL_ACCENT_COLOR_NAME = AccentColor;
				CODE_SIGN_ENTITLEMENTS = EcoContributorApp/EcoContributorApp.entitlements;
				CODE_SIGN_STYLE = Automatic;
				CURRENT_PROJECT_VERSION = 1;
				DEVELOPMENT_ASSET_PATHS = "\"EcoContributorApp/Preview Content\"";
				ENABLE_PREVIEWS = YES;
				GENERATE_INFOPLIST_FILE = YES;
				"INFOPLIST_KEY_UIApplicationSceneManifest_Generation[sdk=iphoneos*]" = YES;
				"INFOPLIST_KEY_UIApplicationSceneManifest_Generation[sdk=iphonesimulator*]" = YES;
				"INFOPLIST_KEY_UIApplicationSupportsIndirectInputEvents[sdk=iphoneos*]" = YES;
				"INFOPLIST_KEY_UIApplicationSupportsIndirectInputEvents[sdk=iphonesimulator*]" = YES;
				"INFOPLIST_KEY_UILaunchScreen_Generation[sdk=iphoneos*]" = YES;
				"INFOPLIST_KEY_UILaunchScreen_Generation[sdk=iphonesimulator*]" = YES;
				"INFOPLIST_KEY_UIStatusBarStyle[sdk=iphoneos*]" = UIStatusBarStyleDefault;
				"INFOPLIST_KEY_UIStatusBarStyle[sdk=iphonesimulator*]" = UIStatusBarStyleDefault;
				INFOPLIST_KEY_UISupportedInterfaceOrientations_iPad = "UIInterfaceOrientationPortrait UIInterfaceOrientationPortraitUpsideDown UIInterfaceOrientationLandscapeLeft UIInterfaceOrientationLandscapeRight";
				INFOPLIST_KEY_UISupportedInterfaceOrientations_iPhone = "UIInterfaceOrientationPortrait UIInterfaceOrientationLandscapeLeft UIInterfaceOrientationLandscapeRight";
				IPHONEOS_DEPLOYMENT_TARGET = 17.5;
				LD_RUNPATH_SEARCH_PATHS = "@executable_path/Frameworks";
				"LD_RUNPATH_SEARCH_PATHS[sdk=macosx*]" = "@executable_path/../Frameworks";
				MACOSX_DEPLOYMENT_TARGET = 14.4;
				MARKETING_VERSION = 1.0;
				PRODUCT_BUNDLE_IDENTIFIER = kiahanddana.EcoContributorApp;
				PRODUCT_NAME = "$(TARGET_NAME)";
				SDKROOT = auto;
				SUPPORTED_PLATFORMS = "iphoneos iphonesimulator macosx";
				SWIFT_EMIT_LOC_STRINGS = YES;
				SWIFT_VERSION = 5.0;
				TARGETED_DEVICE_FAMILY = "1,2";
			};
			name = Release;
		};
		D8D5D9062CE6C9E00064E3A2 /* Debug */ = {
			isa = XCBuildConfiguration;
			buildSettings = {
				ALWAYS_EMBED_SWIFT_STANDARD_LIBRARIES = YES;
				BUNDLE_LOADER = "$(TEST_HOST)";
				CODE_SIGN_STYLE = Automatic;
				CURRENT_PROJECT_VERSION = 1;
				GENERATE_INFOPLIST_FILE = YES;
				IPHONEOS_DEPLOYMENT_TARGET = 17.5;
				MACOSX_DEPLOYMENT_TARGET = 14.4;
				MARKETING_VERSION = 1.0;
				PRODUCT_BUNDLE_IDENTIFIER = kiahanddana.EcoContributorAppTests;
				PRODUCT_NAME = "$(TARGET_NAME)";
				SDKROOT = auto;
				SUPPORTED_PLATFORMS = "iphoneos iphonesimulator macosx";
				SWIFT_EMIT_LOC_STRINGS = NO;
				SWIFT_VERSION = 5.0;
				TARGETED_DEVICE_FAMILY = "1,2";
				TEST_HOST = "$(BUILT_PRODUCTS_DIR)/EcoContributorApp.app/$(BUNDLE_EXECUTABLE_FOLDER_PATH)/EcoContributorApp";
			};
			name = Debug;
		};
		D8D5D9072CE6C9E00064E3A2 /* Release */ = {
			isa = XCBuildConfiguration;
			buildSettings = {
				ALWAYS_EMBED_SWIFT_STANDARD_LIBRARIES = YES;
				BUNDLE_LOADER = "$(TEST_HOST)";
				CODE_SIGN_STYLE = Automatic;
				CURRENT_PROJECT_VERSION = 1;
				GENERATE_INFOPLIST_FILE = YES;
				IPHONEOS_DEPLOYMENT_TARGET = 17.5;
				MACOSX_DEPLOYMENT_TARGET = 14.4;
				MARKETING_VERSION = 1.0;
				PRODUCT_BUNDLE_IDENTIFIER = kiahanddana.EcoContributorAppTests;
				PRODUCT_NAME = "$(TARGET_NAME)";
				SDKROOT = auto;
				SUPPORTED_PLATFORMS = "iphoneos iphonesimulator macosx";
				SWIFT_EMIT_LOC_STRINGS = NO;
				SWIFT_VERSION = 5.0;
				TARGETED_DEVICE_FAMILY = "1,2";
				TEST_HOST = "$(BUILT_PRODUCTS_DIR)/EcoContributorApp.app/$(BUNDLE_EXECUTABLE_FOLDER_PATH)/EcoContributorApp";
			};
			name = Release;
		};
		D8D5D9092CE6C9E00064E3A2 /* Debug */ = {
			isa = XCBuildConfiguration;
			buildSettings = {
				ALWAYS_EMBED_SWIFT_STANDARD_LIBRARIES = YES;
				CODE_SIGN_STYLE = Automatic;
				CURRENT_PROJECT_VERSION = 1;
				GENERATE_INFOPLIST_FILE = YES;
				IPHONEOS_DEPLOYMENT_TARGET = 17.5;
				MACOSX_DEPLOYMENT_TARGET = 14.4;
				MARKETING_VERSION = 1.0;
				PRODUCT_BUNDLE_IDENTIFIER = kiahanddana.EcoContributorAppUITests;
				PRODUCT_NAME = "$(TARGET_NAME)";
				SDKROOT = auto;
				SUPPORTED_PLATFORMS = "iphoneos iphonesimulator macosx";
				SWIFT_EMIT_LOC_STRINGS = NO;
				SWIFT_VERSION = 5.0;
				TARGETED_DEVICE_FAMILY = "1,2";
				TEST_TARGET_NAME = EcoContributorApp;
			};
			name = Debug;
		};
		D8D5D90A2CE6C9E00064E3A2 /* Release */ = {
			isa = XCBuildConfiguration;
			buildSettings = {
				ALWAYS_EMBED_SWIFT_STANDARD_LIBRARIES = YES;
				CODE_SIGN_STYLE = Automatic;
				CURRENT_PROJECT_VERSION = 1;
				GENERATE_INFOPLIST_FILE = YES;
				IPHONEOS_DEPLOYMENT_TARGET = 17.5;
				MACOSX_DEPLOYMENT_TARGET = 14.4;
				MARKETING_VERSION = 1.0;
				PRODUCT_BUNDLE_IDENTIFIER = kiahanddana.EcoContributorAppUITests;
				PRODUCT_NAME = "$(TARGET_NAME)";
				SDKROOT = auto;
				SUPPORTED_PLATFORMS = "iphoneos iphonesimulator macosx";
				SWIFT_EMIT_LOC_STRINGS = NO;
				SWIFT_VERSION = 5.0;
				TARGETED_DEVICE_FAMILY = "1,2";
				TEST_TARGET_NAME = EcoContributorApp;
			};
			name = Release;
		};
/* End XCBuildConfiguration section */

/* Begin XCConfigurationList section */
		D8D5D8D82CE6C9DE0064E3A2 /* Build configuration list for PBXProject "EcoContributorApp" */ = {
			isa = XCConfigurationList;
			buildConfigurations = (
				D8D5D9002CE6C9E00064E3A2 /* Debug */,
				D8D5D9012CE6C9E00064E3A2 /* Release */,
			);
			defaultConfigurationIsVisible = 0;
			defaultConfigurationName = Release;
		};
		D8D5D9022CE6C9E00064E3A2 /* Build configuration list for PBXNativeTarget "EcoContributorApp" */ = {
			isa = XCConfigurationList;
			buildConfigurations = (
				D8D5D9032CE6C9E00064E3A2 /* Debug */,
				D8D5D9042CE6C9E00064E3A2 /* Release */,
			);
			defaultConfigurationIsVisible = 0;
			defaultConfigurationName = Release;
		};
		D8D5D9052CE6C9E00064E3A2 /* Build configuration list for PBXNativeTarget "EcoContributorAppTests" */ = {
			isa = XCConfigurationList;
			buildConfigurations = (
				D8D5D9062CE6C9E00064E3A2 /* Debug */,
				D8D5D9072CE6C9E00064E3A2 /* Release */,
			);
			defaultConfigurationIsVisible = 0;
			defaultConfigurationName = Release;
		};
		D8D5D9082CE6C9E00064E3A2 /* Build configuration list for PBXNativeTarget "EcoContributorAppUITests" */ = {
			isa = XCConfigurationList;
			buildConfigurations = (
				D8D5D9092CE6C9E00064E3A2 /* Debug */,
				D8D5D90A2CE6C9E00064E3A2 /* Release */,
			);
			defaultConfigurationIsVisible = 0;
			defaultConfigurationName = Release;
		};
/* End XCConfigurationList section */
	};
	rootObject = D8D5D8D52CE6C9DE0064E3A2 /* Project object */;
}
